// !$*UTF8*$!
{
	archiveVersion = 1;
	classes = {
	};
	objectVersion = 56;
	objects = {

/* Begin PBXBuildFile section */
		FA51A8BF29E11251004DDEDF /* AppDelegate.swift in Sources */ = {isa = PBXBuildFile; fileRef = FA51A8BE29E11251004DDEDF /* AppDelegate.swift */; };
		FA51A8C129E11251004DDEDF /* SceneDelegate.swift in Sources */ = {isa = PBXBuildFile; fileRef = FA51A8C029E11251004DDEDF /* SceneDelegate.swift */; };
		FA51A8C829E11253004DDEDF /* Assets.xcassets in Resources */ = {isa = PBXBuildFile; fileRef = FA51A8C729E11253004DDEDF /* Assets.xcassets */; };
		FA51A8CB29E11253004DDEDF /* LaunchScreen.storyboard in Resources */ = {isa = PBXBuildFile; fileRef = FA51A8C929E11253004DDEDF /* LaunchScreen.storyboard */; };
		FA51A8D729E1155F004DDEDF /* TabBarController.swift in Sources */ = {isa = PBXBuildFile; fileRef = FA51A8D629E1155F004DDEDF /* TabBarController.swift */; };
		FA51A8D929E115EB004DDEDF /* InterestViewController.swift in Sources */ = {isa = PBXBuildFile; fileRef = FA51A8D829E115EB004DDEDF /* InterestViewController.swift */; };
		FA51A8DB29E11665004DDEDF /* CalculatorViewController.swift in Sources */ = {isa = PBXBuildFile; fileRef = FA51A8DA29E11665004DDEDF /* CalculatorViewController.swift */; };
		FA51A8DD29E11690004DDEDF /* ExchangeRateViewController.swift in Sources */ = {isa = PBXBuildFile; fileRef = FA51A8DC29E11690004DDEDF /* ExchangeRateViewController.swift */; };
		FA51A8E029E120BB004DDEDF /* TabBar+Extension.swift in Sources */ = {isa = PBXBuildFile; fileRef = FA51A8DF29E120BB004DDEDF /* TabBar+Extension.swift */; };
		FA51A8E329E1215D004DDEDF /* SnapKit in Frameworks */ = {isa = PBXBuildFile; productRef = FA51A8E229E1215D004DDEDF /* SnapKit */; };
		FA51A8E529E121FF004DDEDF /* InterestView.swift in Sources */ = {isa = PBXBuildFile; fileRef = FA51A8E429E121FF004DDEDF /* InterestView.swift */; };
		FA51A8E929E129C1004DDEDF /* InterestTableViewCell.swift in Sources */ = {isa = PBXBuildFile; fileRef = FA51A8E829E129C1004DDEDF /* InterestTableViewCell.swift */; };
		FA51A8ED29E15F6D004DDEDF /* ExchangeRateView.swift in Sources */ = {isa = PBXBuildFile; fileRef = FA51A8EC29E15F6D004DDEDF /* ExchangeRateView.swift */; };
		FA51A8EF29E167C7004DDEDF /* ExchangeTableViewCell.swift in Sources */ = {isa = PBXBuildFile; fileRef = FA51A8EE29E167C7004DDEDF /* ExchangeTableViewCell.swift */; };
		FA51A8F129E170D2004DDEDF /* Data.plist in Resources */ = {isa = PBXBuildFile; fileRef = FA51A8F029E170D2004DDEDF /* Data.plist */; };
		FA51A8F329E1710D004DDEDF /* NetworkManagerModel.swift in Sources */ = {isa = PBXBuildFile; fileRef = FA51A8F229E1710D004DDEDF /* NetworkManagerModel.swift */; };
		FA51A8F629E1719F004DDEDF /* ExchangeRateModel.swift in Sources */ = {isa = PBXBuildFile; fileRef = FA51A8F529E1719F004DDEDF /* ExchangeRateModel.swift */; };
		FA51A8F929E178BB004DDEDF /* Alamofire in Frameworks */ = {isa = PBXBuildFile; productRef = FA51A8F829E178BB004DDEDF /* Alamofire */; };
		FA51A8FC29E23409004DDEDF /* NetworkManagerProtocol.swift in Sources */ = {isa = PBXBuildFile; fileRef = FA51A8FB29E23408004DDEDF /* NetworkManagerProtocol.swift */; };
		FA51A8FE29E23823004DDEDF /* CalculatorView.swift in Sources */ = {isa = PBXBuildFile; fileRef = FA51A8FD29E23823004DDEDF /* CalculatorView.swift */; };
		FA51A90029E242CB004DDEDF /* UserDefaultManager.swift in Sources */ = {isa = PBXBuildFile; fileRef = FA51A8FF29E242CA004DDEDF /* UserDefaultManager.swift */; };
		FA806C7F29E28A7D00D590C3 /* ImageManager.swift in Sources */ = {isa = PBXBuildFile; fileRef = FA806C7E29E28A7D00D590C3 /* ImageManager.swift */; };
		FA806C8129E291DC00D590C3 /* SelectCounturyViewController.swift in Sources */ = {isa = PBXBuildFile; fileRef = FA806C8029E291DC00D590C3 /* SelectCounturyViewController.swift */; };
		FA806C8329E2975300D590C3 /* SelectDelegateProtocol.swift in Sources */ = {isa = PBXBuildFile; fileRef = FA806C8229E2975300D590C3 /* SelectDelegateProtocol.swift */; };
		FA806C8529E2C6FE00D590C3 /* CalculatorModel.swift in Sources */ = {isa = PBXBuildFile; fileRef = FA806C8429E2C6FD00D590C3 /* CalculatorModel.swift */; };
/* End PBXBuildFile section */

/* Begin PBXFileReference section */
		FA51A8BB29E11251004DDEDF /* ExchangeRateCalculator.app */ = {isa = PBXFileReference; explicitFileType = wrapper.application; includeInIndex = 0; path = ExchangeRateCalculator.app; sourceTree = BUILT_PRODUCTS_DIR; };
		FA51A8BE29E11251004DDEDF /* AppDelegate.swift */ = {isa = PBXFileReference; lastKnownFileType = sourcecode.swift; path = AppDelegate.swift; sourceTree = "<group>"; };
		FA51A8C029E11251004DDEDF /* SceneDelegate.swift */ = {isa = PBXFileReference; lastKnownFileType = sourcecode.swift; path = SceneDelegate.swift; sourceTree = "<group>"; };
		FA51A8C729E11253004DDEDF /* Assets.xcassets */ = {isa = PBXFileReference; lastKnownFileType = folder.assetcatalog; path = Assets.xcassets; sourceTree = "<group>"; };
		FA51A8CA29E11253004DDEDF /* Base */ = {isa = PBXFileReference; lastKnownFileType = file.storyboard; name = Base; path = Base.lproj/LaunchScreen.storyboard; sourceTree = "<group>"; };
		FA51A8CC29E11253004DDEDF /* Info.plist */ = {isa = PBXFileReference; lastKnownFileType = text.plist.xml; path = Info.plist; sourceTree = "<group>"; };
		FA51A8D629E1155F004DDEDF /* TabBarController.swift */ = {isa = PBXFileReference; lastKnownFileType = sourcecode.swift; path = TabBarController.swift; sourceTree = "<group>"; };
		FA51A8D829E115EB004DDEDF /* InterestViewController.swift */ = {isa = PBXFileReference; lastKnownFileType = sourcecode.swift; path = InterestViewController.swift; sourceTree = "<group>"; };
		FA51A8DA29E11665004DDEDF /* CalculatorViewController.swift */ = {isa = PBXFileReference; lastKnownFileType = sourcecode.swift; path = CalculatorViewController.swift; sourceTree = "<group>"; };
		FA51A8DC29E11690004DDEDF /* ExchangeRateViewController.swift */ = {isa = PBXFileReference; lastKnownFileType = sourcecode.swift; path = ExchangeRateViewController.swift; sourceTree = "<group>"; };
		FA51A8DF29E120BB004DDEDF /* TabBar+Extension.swift */ = {isa = PBXFileReference; lastKnownFileType = sourcecode.swift; path = "TabBar+Extension.swift"; sourceTree = "<group>"; };
		FA51A8E429E121FF004DDEDF /* InterestView.swift */ = {isa = PBXFileReference; lastKnownFileType = sourcecode.swift; path = InterestView.swift; sourceTree = "<group>"; };
		FA51A8E829E129C1004DDEDF /* InterestTableViewCell.swift */ = {isa = PBXFileReference; lastKnownFileType = sourcecode.swift; path = InterestTableViewCell.swift; sourceTree = "<group>"; };
		FA51A8EC29E15F6D004DDEDF /* ExchangeRateView.swift */ = {isa = PBXFileReference; lastKnownFileType = sourcecode.swift; path = ExchangeRateView.swift; sourceTree = "<group>"; };
		FA51A8EE29E167C7004DDEDF /* ExchangeTableViewCell.swift */ = {isa = PBXFileReference; lastKnownFileType = sourcecode.swift; path = ExchangeTableViewCell.swift; sourceTree = "<group>"; };
		FA51A8F029E170D2004DDEDF /* Data.plist */ = {isa = PBXFileReference; lastKnownFileType = text.plist.xml; path = Data.plist; sourceTree = "<group>"; };
		FA51A8F229E1710D004DDEDF /* NetworkManagerModel.swift */ = {isa = PBXFileReference; lastKnownFileType = sourcecode.swift; path = NetworkManagerModel.swift; sourceTree = "<group>"; };
		FA51A8F529E1719F004DDEDF /* ExchangeRateModel.swift */ = {isa = PBXFileReference; lastKnownFileType = sourcecode.swift; path = ExchangeRateModel.swift; sourceTree = "<group>"; };
		FA51A8FB29E23408004DDEDF /* NetworkManagerProtocol.swift */ = {isa = PBXFileReference; lastKnownFileType = sourcecode.swift; path = NetworkManagerProtocol.swift; sourceTree = "<group>"; };
		FA51A8FD29E23823004DDEDF /* CalculatorView.swift */ = {isa = PBXFileReference; fileEncoding = 4; lastKnownFileType = sourcecode.swift; name = CalculatorView.swift; path = View/CalculatorView.swift; sourceTree = "<group>"; };
		FA51A8FF29E242CA004DDEDF /* UserDefaultManager.swift */ = {isa = PBXFileReference; lastKnownFileType = sourcecode.swift; path = UserDefaultManager.swift; sourceTree = "<group>"; };
		FA806C7E29E28A7D00D590C3 /* ImageManager.swift */ = {isa = PBXFileReference; lastKnownFileType = sourcecode.swift; path = ImageManager.swift; sourceTree = "<group>"; };
		FA806C8029E291DC00D590C3 /* SelectCounturyViewController.swift */ = {isa = PBXFileReference; lastKnownFileType = sourcecode.swift; path = SelectCounturyViewController.swift; sourceTree = "<group>"; };
		FA806C8229E2975300D590C3 /* SelectDelegateProtocol.swift */ = {isa = PBXFileReference; lastKnownFileType = sourcecode.swift; path = SelectDelegateProtocol.swift; sourceTree = "<group>"; };
		FA806C8429E2C6FD00D590C3 /* CalculatorModel.swift */ = {isa = PBXFileReference; lastKnownFileType = sourcecode.swift; path = CalculatorModel.swift; sourceTree = "<group>"; };
/* End PBXFileReference section */

/* Begin PBXFrameworksBuildPhase section */
		FA51A8B829E11251004DDEDF /* Frameworks */ = {
			isa = PBXFrameworksBuildPhase;
			buildActionMask = 2147483647;
			files = (
				FA51A8E329E1215D004DDEDF /* SnapKit in Frameworks */,
				FA51A8F929E178BB004DDEDF /* Alamofire in Frameworks */,
			);
			runOnlyForDeploymentPostprocessing = 0;
		};
/* End PBXFrameworksBuildPhase section */

/* Begin PBXGroup section */
		FA51A8B229E11250004DDEDF = {
			isa = PBXGroup;
			children = (
				FA51A8BD29E11251004DDEDF /* ExchangeRateCalculator */,
				FA51A8BC29E11251004DDEDF /* Products */,
			);
			sourceTree = "<group>";
		};
		FA51A8BC29E11251004DDEDF /* Products */ = {
			isa = PBXGroup;
			children = (
				FA51A8BB29E11251004DDEDF /* ExchangeRateCalculator.app */,
			);
			name = Products;
			sourceTree = "<group>";
		};
		FA51A8BD29E11251004DDEDF /* ExchangeRateCalculator */ = {
			isa = PBXGroup;
			children = (
				FA51A8D529E11462004DDEDF /* App */,
				FA51A8D429E1144B004DDEDF /* Model */,
				FA51A8E629E1295B004DDEDF /* View */,
				FA51A8D229E1143E004DDEDF /* Controller */,
				FA51A8DE29E12090004DDEDF /* Helper */,
				FA51A8C729E11253004DDEDF /* Assets.xcassets */,
				FA51A8CC29E11253004DDEDF /* Info.plist */,
				FA51A8F029E170D2004DDEDF /* Data.plist */,
			);
			path = ExchangeRateCalculator;
			sourceTree = "<group>";
		};
		FA51A8D229E1143E004DDEDF /* Controller */ = {
			isa = PBXGroup;
			children = (
				FA51A8D629E1155F004DDEDF /* TabBarController.swift */,
				FA51A8D829E115EB004DDEDF /* InterestViewController.swift */,
				FA51A8DA29E11665004DDEDF /* CalculatorViewController.swift */,
				FA51A8DC29E11690004DDEDF /* ExchangeRateViewController.swift */,
				FA806C8029E291DC00D590C3 /* SelectCounturyViewController.swift */,
			);
			name = Controller;
			sourceTree = "<group>";
		};
		FA51A8D429E1144B004DDEDF /* Model */ = {
			isa = PBXGroup;
			children = (
				FA51A8FA29E233F2004DDEDF /* Protocol */,
				FA51A8F429E17174004DDEDF /* Entity */,
				FA51A8F229E1710D004DDEDF /* NetworkManagerModel.swift */,
				FA51A8FF29E242CA004DDEDF /* UserDefaultManager.swift */,
				FA806C7E29E28A7D00D590C3 /* ImageManager.swift */,
				FA806C8429E2C6FD00D590C3 /* CalculatorModel.swift */,
			);
			path = Model;
			sourceTree = "<group>";
		};
		FA51A8D529E11462004DDEDF /* App */ = {
			isa = PBXGroup;
			children = (
				FA51A8BE29E11251004DDEDF /* AppDelegate.swift */,
				FA51A8C029E11251004DDEDF /* SceneDelegate.swift */,
			);
			name = App;
			sourceTree = "<group>";
		};
		FA51A8DE29E12090004DDEDF /* Helper */ = {
			isa = PBXGroup;
			children = (
				FA51A8DF29E120BB004DDEDF /* TabBar+Extension.swift */,
			);
			name = Helper;
			sourceTree = "<group>";
		};
		FA51A8E629E1295B004DDEDF /* View */ = {
			isa = PBXGroup;
			children = (
				FA51A8E729E12965004DDEDF /* Cell */,
				FA51A8E429E121FF004DDEDF /* InterestView.swift */,
				FA51A8FD29E23823004DDEDF /* CalculatorView.swift */,
				FA51A8EC29E15F6D004DDEDF /* ExchangeRateView.swift */,
				FA51A8C929E11253004DDEDF /* LaunchScreen.storyboard */,
			);
			path = View;
			sourceTree = "<group>";
		};
		FA51A8E729E12965004DDEDF /* Cell */ = {
			isa = PBXGroup;
			children = (
				FA51A8E829E129C1004DDEDF /* InterestTableViewCell.swift */,
				FA51A8EE29E167C7004DDEDF /* ExchangeTableViewCell.swift */,
			);
			name = Cell;
			path = View;
			sourceTree = "<group>";
		};
		FA51A8F429E17174004DDEDF /* Entity */ = {
			isa = PBXGroup;
			children = (
				FA51A8F529E1719F004DDEDF /* ExchangeRateModel.swift */,
			);
			name = Entity;
			sourceTree = "<group>";
		};
		FA51A8FA29E233F2004DDEDF /* Protocol */ = {
			isa = PBXGroup;
			children = (
				FA51A8FB29E23408004DDEDF /* NetworkManagerProtocol.swift */,
				FA806C8229E2975300D590C3 /* SelectDelegateProtocol.swift */,
			);
			path = Protocol;
			sourceTree = "<group>";
		};
/* End PBXGroup section */

/* Begin PBXNativeTarget section */
		FA51A8BA29E11251004DDEDF /* ExchangeRateCalculator */ = {
			isa = PBXNativeTarget;
			buildConfigurationList = FA51A8CF29E11253004DDEDF /* Build configuration list for PBXNativeTarget "ExchangeRateCalculator" */;
			buildPhases = (
				FA51A8B729E11251004DDEDF /* Sources */,
				FA51A8B829E11251004DDEDF /* Frameworks */,
				FA51A8B929E11251004DDEDF /* Resources */,
			);
			buildRules = (
			);
			dependencies = (
			);
			name = ExchangeRateCalculator;
			packageProductDependencies = (
				FA51A8E229E1215D004DDEDF /* SnapKit */,
				FA51A8F829E178BB004DDEDF /* Alamofire */,
			);
			productName = ExchangeRateCalculator;
			productReference = FA51A8BB29E11251004DDEDF /* ExchangeRateCalculator.app */;
			productType = "com.apple.product-type.application";
		};
/* End PBXNativeTarget section */

/* Begin PBXProject section */
		FA51A8B329E11250004DDEDF /* Project object */ = {
			isa = PBXProject;
			attributes = {
				BuildIndependentTargetsInParallel = 1;
				LastSwiftUpdateCheck = 1420;
				LastUpgradeCheck = 1420;
				TargetAttributes = {
					FA51A8BA29E11251004DDEDF = {
						CreatedOnToolsVersion = 14.2;
					};
				};
			};
			buildConfigurationList = FA51A8B629E11250004DDEDF /* Build configuration list for PBXProject "ExchangeRateCalculator" */;
			compatibilityVersion = "Xcode 14.0";
			developmentRegion = en;
			hasScannedForEncodings = 0;
			knownRegions = (
				en,
				Base,
			);
			mainGroup = FA51A8B229E11250004DDEDF;
			packageReferences = (
				FA51A8E129E1215D004DDEDF /* XCRemoteSwiftPackageReference "SnapKit" */,
				FA51A8F729E178BB004DDEDF /* XCRemoteSwiftPackageReference "Alamofire" */,
			);
			productRefGroup = FA51A8BC29E11251004DDEDF /* Products */;
			projectDirPath = "";
			projectRoot = "";
			targets = (
				FA51A8BA29E11251004DDEDF /* ExchangeRateCalculator */,
			);
		};
/* End PBXProject section */

/* Begin PBXResourcesBuildPhase section */
		FA51A8B929E11251004DDEDF /* Resources */ = {
			isa = PBXResourcesBuildPhase;
			buildActionMask = 2147483647;
			files = (
				FA51A8F129E170D2004DDEDF /* Data.plist in Resources */,
				FA51A8CB29E11253004DDEDF /* LaunchScreen.storyboard in Resources */,
				FA51A8C829E11253004DDEDF /* Assets.xcassets in Resources */,
			);
			runOnlyForDeploymentPostprocessing = 0;
		};
/* End PBXResourcesBuildPhase section */

/* Begin PBXSourcesBuildPhase section */
		FA51A8B729E11251004DDEDF /* Sources */ = {
			isa = PBXSourcesBuildPhase;
			buildActionMask = 2147483647;
			files = (
				FA51A8EF29E167C7004DDEDF /* ExchangeTableViewCell.swift in Sources */,
				FA806C8129E291DC00D590C3 /* SelectCounturyViewController.swift in Sources */,
				FA806C7F29E28A7D00D590C3 /* ImageManager.swift in Sources */,
				FA51A8DD29E11690004DDEDF /* ExchangeRateViewController.swift in Sources */,
				FA51A90029E242CB004DDEDF /* UserDefaultManager.swift in Sources */,
				FA51A8D729E1155F004DDEDF /* TabBarController.swift in Sources */,
				FA51A8D929E115EB004DDEDF /* InterestViewController.swift in Sources */,
				FA51A8FE29E23823004DDEDF /* CalculatorView.swift in Sources */,
				FA51A8BF29E11251004DDEDF /* AppDelegate.swift in Sources */,
				FA51A8E529E121FF004DDEDF /* InterestView.swift in Sources */,
				FA51A8ED29E15F6D004DDEDF /* ExchangeRateView.swift in Sources */,
				FA806C8529E2C6FE00D590C3 /* CalculatorModel.swift in Sources */,
				FA51A8E029E120BB004DDEDF /* TabBar+Extension.swift in Sources */,
				FA51A8F629E1719F004DDEDF /* ExchangeRateModel.swift in Sources */,
				FA806C8329E2975300D590C3 /* SelectDelegateProtocol.swift in Sources */,
				FA51A8DB29E11665004DDEDF /* CalculatorViewController.swift in Sources */,
				FA51A8F329E1710D004DDEDF /* NetworkManagerModel.swift in Sources */,
				FA51A8E929E129C1004DDEDF /* InterestTableViewCell.swift in Sources */,
				FA51A8FC29E23409004DDEDF /* NetworkManagerProtocol.swift in Sources */,
				FA51A8C129E11251004DDEDF /* SceneDelegate.swift in Sources */,
			);
			runOnlyForDeploymentPostprocessing = 0;
		};
/* End PBXSourcesBuildPhase section */

/* Begin PBXVariantGroup section */
		FA51A8C929E11253004DDEDF /* LaunchScreen.storyboard */ = {
			isa = PBXVariantGroup;
			children = (
				FA51A8CA29E11253004DDEDF /* Base */,
			);
			name = LaunchScreen.storyboard;
			sourceTree = "<group>";
		};
/* End PBXVariantGroup section */

/* Begin XCBuildConfiguration section */
		FA51A8CD29E11253004DDEDF /* Debug */ = {
			isa = XCBuildConfiguration;
			buildSettings = {
				ALWAYS_SEARCH_USER_PATHS = NO;
				CLANG_ANALYZER_NONNULL = YES;
				CLANG_ANALYZER_NUMBER_OBJECT_CONVERSION = YES_AGGRESSIVE;
				CLANG_CXX_LANGUAGE_STANDARD = "gnu++20";
				CLANG_ENABLE_MODULES = YES;
				CLANG_ENABLE_OBJC_ARC = YES;
				CLANG_ENABLE_OBJC_WEAK = YES;
				CLANG_WARN_BLOCK_CAPTURE_AUTORELEASING = YES;
				CLANG_WARN_BOOL_CONVERSION = YES;
				CLANG_WARN_COMMA = YES;
				CLANG_WARN_CONSTANT_CONVERSION = YES;
				CLANG_WARN_DEPRECATED_OBJC_IMPLEMENTATIONS = YES;
				CLANG_WARN_DIRECT_OBJC_ISA_USAGE = YES_ERROR;
				CLANG_WARN_DOCUMENTATION_COMMENTS = YES;
				CLANG_WARN_EMPTY_BODY = YES;
				CLANG_WARN_ENUM_CONVERSION = YES;
				CLANG_WARN_INFINITE_RECURSION = YES;
				CLANG_WARN_INT_CONVERSION = YES;
				CLANG_WARN_NON_LITERAL_NULL_CONVERSION = YES;
				CLANG_WARN_OBJC_IMPLICIT_RETAIN_SELF = YES;
				CLANG_WARN_OBJC_LITERAL_CONVERSION = YES;
				CLANG_WARN_OBJC_ROOT_CLASS = YES_ERROR;
				CLANG_WARN_QUOTED_INCLUDE_IN_FRAMEWORK_HEADER = YES;
				CLANG_WARN_RANGE_LOOP_ANALYSIS = YES;
				CLANG_WARN_STRICT_PROTOTYPES = YES;
				CLANG_WARN_SUSPICIOUS_MOVE = YES;
				CLANG_WARN_UNGUARDED_AVAILABILITY = YES_AGGRESSIVE;
				CLANG_WARN_UNREACHABLE_CODE = YES;
				CLANG_WARN__DUPLICATE_METHOD_MATCH = YES;
				COPY_PHASE_STRIP = NO;
				DEBUG_INFORMATION_FORMAT = dwarf;
				ENABLE_STRICT_OBJC_MSGSEND = YES;
				ENABLE_TESTABILITY = YES;
				GCC_C_LANGUAGE_STANDARD = gnu11;
				GCC_DYNAMIC_NO_PIC = NO;
				GCC_NO_COMMON_BLOCKS = YES;
				GCC_OPTIMIZATION_LEVEL = 0;
				GCC_PREPROCESSOR_DEFINITIONS = (
					"DEBUG=1",
					"$(inherited)",
				);
				GCC_WARN_64_TO_32_BIT_CONVERSION = YES;
				GCC_WARN_ABOUT_RETURN_TYPE = YES_ERROR;
				GCC_WARN_UNDECLARED_SELECTOR = YES;
				GCC_WARN_UNINITIALIZED_AUTOS = YES_AGGRESSIVE;
				GCC_WARN_UNUSED_FUNCTION = YES;
				GCC_WARN_UNUSED_VARIABLE = YES;
				IPHONEOS_DEPLOYMENT_TARGET = 16.2;
				MTL_ENABLE_DEBUG_INFO = INCLUDE_SOURCE;
				MTL_FAST_MATH = YES;
				ONLY_ACTIVE_ARCH = YES;
				SDKROOT = iphoneos;
				SWIFT_ACTIVE_COMPILATION_CONDITIONS = DEBUG;
				SWIFT_OPTIMIZATION_LEVEL = "-Onone";
			};
			name = Debug;
		};
		FA51A8CE29E11253004DDEDF /* Release */ = {
			isa = XCBuildConfiguration;
			buildSettings = {
				ALWAYS_SEARCH_USER_PATHS = NO;
				CLANG_ANALYZER_NONNULL = YES;
				CLANG_ANALYZER_NUMBER_OBJECT_CONVERSION = YES_AGGRESSIVE;
				CLANG_CXX_LANGUAGE_STANDARD = "gnu++20";
				CLANG_ENABLE_MODULES = YES;
				CLANG_ENABLE_OBJC_ARC = YES;
				CLANG_ENABLE_OBJC_WEAK = YES;
				CLANG_WARN_BLOCK_CAPTURE_AUTORELEASING = YES;
				CLANG_WARN_BOOL_CONVERSION = YES;
				CLANG_WARN_COMMA = YES;
				CLANG_WARN_CONSTANT_CONVERSION = YES;
				CLANG_WARN_DEPRECATED_OBJC_IMPLEMENTATIONS = YES;
				CLANG_WARN_DIRECT_OBJC_ISA_USAGE = YES_ERROR;
				CLANG_WARN_DOCUMENTATION_COMMENTS = YES;
				CLANG_WARN_EMPTY_BODY = YES;
				CLANG_WARN_ENUM_CONVERSION = YES;
				CLANG_WARN_INFINITE_RECURSION = YES;
				CLANG_WARN_INT_CONVERSION = YES;
				CLANG_WARN_NON_LITERAL_NULL_CONVERSION = YES;
				CLANG_WARN_OBJC_IMPLICIT_RETAIN_SELF = YES;
				CLANG_WARN_OBJC_LITERAL_CONVERSION = YES;
				CLANG_WARN_OBJC_ROOT_CLASS = YES_ERROR;
				CLANG_WARN_QUOTED_INCLUDE_IN_FRAMEWORK_HEADER = YES;
				CLANG_WARN_RANGE_LOOP_ANALYSIS = YES;
				CLANG_WARN_STRICT_PROTOTYPES = YES;
				CLANG_WARN_SUSPICIOUS_MOVE = YES;
				CLANG_WARN_UNGUARDED_AVAILABILITY = YES_AGGRESSIVE;
				CLANG_WARN_UNREACHABLE_CODE = YES;
				CLANG_WARN__DUPLICATE_METHOD_MATCH = YES;
				COPY_PHASE_STRIP = NO;
				DEBUG_INFORMATION_FORMAT = "dwarf-with-dsym";
				ENABLE_NS_ASSERTIONS = NO;
				ENABLE_STRICT_OBJC_MSGSEND = YES;
				GCC_C_LANGUAGE_STANDARD = gnu11;
				GCC_NO_COMMON_BLOCKS = YES;
				GCC_WARN_64_TO_32_BIT_CONVERSION = YES;
				GCC_WARN_ABOUT_RETURN_TYPE = YES_ERROR;
				GCC_WARN_UNDECLARED_SELECTOR = YES;
				GCC_WARN_UNINITIALIZED_AUTOS = YES_AGGRESSIVE;
				GCC_WARN_UNUSED_FUNCTION = YES;
				GCC_WARN_UNUSED_VARIABLE = YES;
				IPHONEOS_DEPLOYMENT_TARGET = 16.2;
				MTL_ENABLE_DEBUG_INFO = NO;
				MTL_FAST_MATH = YES;
				SDKROOT = iphoneos;
				SWIFT_COMPILATION_MODE = wholemodule;
				SWIFT_OPTIMIZATION_LEVEL = "-O";
				VALIDATE_PRODUCT = YES;
			};
			name = Release;
		};
		FA51A8D029E11253004DDEDF /* Debug */ = {
			isa = XCBuildConfiguration;
			buildSettings = {
				ASSETCATALOG_COMPILER_APPICON_NAME = AppIcon;
				ASSETCATALOG_COMPILER_GLOBAL_ACCENT_COLOR_NAME = AccentColor;
				CODE_SIGN_STYLE = Automatic;
				CURRENT_PROJECT_VERSION = 1;
				GENERATE_INFOPLIST_FILE = YES;
				INFOPLIST_FILE = ExchangeRateCalculator/Info.plist;
				INFOPLIST_KEY_UIApplicationSupportsIndirectInputEvents = YES;
				INFOPLIST_KEY_UILaunchStoryboardName = LaunchScreen;
				INFOPLIST_KEY_UISupportedInterfaceOrientations_iPad = "UIInterfaceOrientationPortrait UIInterfaceOrientationPortraitUpsideDown UIInterfaceOrientationLandscapeLeft UIInterfaceOrientationLandscapeRight";
				INFOPLIST_KEY_UISupportedInterfaceOrientations_iPhone = "UIInterfaceOrientationPortrait UIInterfaceOrientationLandscapeLeft UIInterfaceOrientationLandscapeRight";
				LD_RUNPATH_SEARCH_PATHS = (
					"$(inherited)",
					"@executable_path/Frameworks",
				);
				MARKETING_VERSION = 1.0;
				PRODUCT_BUNDLE_IDENTIFIER = com.ExchangeRateCalculator;
				PRODUCT_NAME = "$(TARGET_NAME)";
				SWIFT_EMIT_LOC_STRINGS = YES;
				SWIFT_VERSION = 5.0;
				TARGETED_DEVICE_FAMILY = "1,2";
			};
			name = Debug;
		};
		FA51A8D129E11253004DDEDF /* Release */ = {
			isa = XCBuildConfiguration;
			buildSettings = {
				ASSETCATALOG_COMPILER_APPICON_NAME = AppIcon;
				ASSETCATALOG_COMPILER_GLOBAL_ACCENT_COLOR_NAME = AccentColor;
				CODE_SIGN_STYLE = Automatic;
				CURRENT_PROJECT_VERSION = 1;
				GENERATE_INFOPLIST_FILE = YES;
				INFOPLIST_FILE = ExchangeRateCalculator/Info.plist;
				INFOPLIST_KEY_UIApplicationSupportsIndirectInputEvents = YES;
				INFOPLIST_KEY_UILaunchStoryboardName = LaunchScreen;
				INFOPLIST_KEY_UISupportedInterfaceOrientations_iPad = "UIInterfaceOrientationPortrait UIInterfaceOrientationPortraitUpsideDown UIInterfaceOrientationLandscapeLeft UIInterfaceOrientationLandscapeRight";
				INFOPLIST_KEY_UISupportedInterfaceOrientations_iPhone = "UIInterfaceOrientationPortrait UIInterfaceOrientationLandscapeLeft UIInterfaceOrientationLandscapeRight";
				LD_RUNPATH_SEARCH_PATHS = (
					"$(inherited)",
					"@executable_path/Frameworks",
				);
				MARKETING_VERSION = 1.0;
				PRODUCT_BUNDLE_IDENTIFIER = com.ExchangeRateCalculator;
				PRODUCT_NAME = "$(TARGET_NAME)";
				SWIFT_EMIT_LOC_STRINGS = YES;
				SWIFT_VERSION = 5.0;
				TARGETED_DEVICE_FAMILY = "1,2";
			};
			name = Release;
		};
/* End XCBuildConfiguration section */

/* Begin XCConfigurationList section */
		FA51A8B629E11250004DDEDF /* Build configuration list for PBXProject "ExchangeRateCalculator" */ = {
			isa = XCConfigurationList;
			buildConfigurations = (
				FA51A8CD29E11253004DDEDF /* Debug */,
				FA51A8CE29E11253004DDEDF /* Release */,
			);
			defaultConfigurationIsVisible = 0;
			defaultConfigurationName = Release;
		};
		FA51A8CF29E11253004DDEDF /* Build configuration list for PBXNativeTarget "ExchangeRateCalculator" */ = {
			isa = XCConfigurationList;
			buildConfigurations = (
				FA51A8D029E11253004DDEDF /* Debug */,
				FA51A8D129E11253004DDEDF /* Release */,
			);
			defaultConfigurationIsVisible = 0;
			defaultConfigurationName = Release;
		};
/* End XCConfigurationList section */

/* Begin XCRemoteSwiftPackageReference section */
		FA51A8E129E1215D004DDEDF /* XCRemoteSwiftPackageReference "SnapKit" */ = {
			isa = XCRemoteSwiftPackageReference;
			repositoryURL = "https://github.com/SnapKit/SnapKit";
			requirement = {
				branch = develop;
				kind = branch;
			};
		};
		FA51A8F729E178BB004DDEDF /* XCRemoteSwiftPackageReference "Alamofire" */ = {
			isa = XCRemoteSwiftPackageReference;
			repositoryURL = "https://github.com/Alamofire/Alamofire";
			requirement = {
				branch = master;
				kind = branch;
			};
		};
/* End XCRemoteSwiftPackageReference section */

/* Begin XCSwiftPackageProductDependency section */
		FA51A8E229E1215D004DDEDF /* SnapKit */ = {
			isa = XCSwiftPackageProductDependency;
			package = FA51A8E129E1215D004DDEDF /* XCRemoteSwiftPackageReference "SnapKit" */;
			productName = SnapKit;
		};
		FA51A8F829E178BB004DDEDF /* Alamofire */ = {
			isa = XCSwiftPackageProductDependency;
			package = FA51A8F729E178BB004DDEDF /* XCRemoteSwiftPackageReference "Alamofire" */;
			productName = Alamofire;
		};
/* End XCSwiftPackageProductDependency section */
	};
	rootObject = FA51A8B329E11250004DDEDF /* Project object */;
}
